
Microsoft Visual Studio Solution File, Format Version 12.00
# Visual Studio Version 17
VisualStudioVersion = 17.4.33213.308
MinimumVisualStudioVersion = 10.0.40219.1
Project("{FAE04EC0-301F-11D3-BF4B-00C04F79EFBC}") = "WebApp.Data", "WebApp.Data\WebApp.Data.csproj", "{9F852764-063B-4F20-BBB0-A127F7AFC9B0}"
EndProject
Project("{FAE04EC0-301F-11D3-BF4B-00C04F79EFBC}") = "WebApp.UI", "WebApp.UI\WebApp.UI.csproj", "{F9AC1028-26F7-4F12-8C06-984712E71F2A}"
EndProject
Project("{9A19103F-16F7-4668-BE54-9A1E7A4F7556}") = "CoreWeb7", "CoreWeb7\CoreWeb7.csproj", "{95C153CE-FFE7-4E59-AB51-EDEDC1B17241}"
EndProject
Global
	GlobalSection(SolutionConfigurationPlatforms) = preSolution
		Debug|Any CPU = Debug|Any CPU
		Release|Any CPU = Release|Any CPU
	EndGlobalSection
	GlobalSection(ProjectConfigurationPlatforms) = postSolution
		{9F852764-063B-4F20-BBB0-A127F7AFC9B0}.Debug|Any CPU.ActiveCfg = Debug|Any CPU
		{9F852764-063B-4F20-BBB0-A127F7AFC9B0}.Debug|Any CPU.Build.0 = Debug|Any CPU
		{9F852764-063B-4F20-BBB0-A127F7AFC9B0}.Release|Any CPU.ActiveCfg = Release|Any CPU
		{9F852764-063B-4F20-BBB0-A127F7AFC9B0}.Release|Any CPU.Build.0 = Release|Any CPU
		{F9AC1028-26F7-4F12-8C06-984712E71F2A}.Debug|Any CPU.ActiveCfg = Debug|Any CPU
		{F9AC1028-26F7-4F12-8C06-984712E71F2A}.Debug|Any CPU.Build.0 = Debug|Any CPU
		{F9AC1028-26F7-4F12-8C06-984712E71F2A}.Release|Any CPU.ActiveCfg = Release|Any CPU
		{F9AC1028-26F7-4F12-8C06-984712E71F2A}.Release|Any CPU.Build.0 = Release|Any CPU
		{95C153CE-FFE7-4E59-AB51-EDEDC1B17241}.Debug|Any CPU.ActiveCfg = Debug|Any CPU
		{95C153CE-FFE7-4E59-AB51-EDEDC1B17241}.Debug|Any CPU.Build.0 = Debug|Any CPU
		{95C153CE-FFE7-4E59-AB51-EDEDC1B17241}.Release|Any CPU.ActiveCfg = Release|Any CPU
		{95C153CE-FFE7-4E59-AB51-EDEDC1B17241}.Release|Any CPU.Build.0 = Release|Any CPU
	EndGlobalSection
	GlobalSection(SolutionProperties) = preSolution
		HideSolutionNode = FALSE
	EndGlobalSection
	GlobalSection(ExtensibilityGlobals) = postSolution
		SolutionGuid = {6398C6CF-969E-49B7-8840-1F327CDE1732}
	EndGlobalSection
EndGlobal
